// !$*UTF8*$!
{
	archiveVersion = 1;
	classes = {
	};
	objectVersion = 50;
	objects = {

/* Begin PBXBuildFile section */
		279C2D815901115F6D1F02F2 /* Pods_JogoDaMemoria_JogoDaMemoriaUITests.framework in Frameworks */ = {isa = PBXBuildFile; fileRef = FA55662224DED0DF6B8832E4 /* Pods_JogoDaMemoria_JogoDaMemoriaUITests.framework */; };
		73C4FC24022E66F14F2DAED7 /* Pods_JogoDaMemoriaTests.framework in Frameworks */ = {isa = PBXBuildFile; fileRef = ACF0D6DA6213FDDD301B4187 /* Pods_JogoDaMemoriaTests.framework */; };
		CBB80C8F25347ADE0078E04A /* AppDelegate.swift in Sources */ = {isa = PBXBuildFile; fileRef = CBB80C8E25347ADE0078E04A /* AppDelegate.swift */; };
		CBB80C9125347ADE0078E04A /* SceneDelegate.swift in Sources */ = {isa = PBXBuildFile; fileRef = CBB80C9025347ADE0078E04A /* SceneDelegate.swift */; };
		CBB80C9325347ADE0078E04A /* ViewController.swift in Sources */ = {isa = PBXBuildFile; fileRef = CBB80C9225347ADE0078E04A /* ViewController.swift */; };
		CBB80C9625347ADE0078E04A /* Main.storyboard in Resources */ = {isa = PBXBuildFile; fileRef = CBB80C9425347ADE0078E04A /* Main.storyboard */; };
		CBB80C9825347ADF0078E04A /* Assets.xcassets in Resources */ = {isa = PBXBuildFile; fileRef = CBB80C9725347ADF0078E04A /* Assets.xcassets */; };
		CBB80C9B25347ADF0078E04A /* LaunchScreen.storyboard in Resources */ = {isa = PBXBuildFile; fileRef = CBB80C9925347ADF0078E04A /* LaunchScreen.storyboard */; };
		CBB80CA625347ADF0078E04A /* JogoDaMemoriaTests.swift in Sources */ = {isa = PBXBuildFile; fileRef = CBB80CA525347ADF0078E04A /* JogoDaMemoriaTests.swift */; };
		CBB80CB125347ADF0078E04A /* JogoDaMemoriaUITests.swift in Sources */ = {isa = PBXBuildFile; fileRef = CBB80CB025347ADF0078E04A /* JogoDaMemoriaUITests.swift */; };
		CBF0EF3225348C6A00B39102 /* ViewController2.swift in Sources */ = {isa = PBXBuildFile; fileRef = CBF0EF3125348C6A00B39102 /* ViewController2.swift */; };
		CBF0EF382534BA9000B39102 /* JogoDaMemoria.swift in Sources */ = {isa = PBXBuildFile; fileRef = CBF0EF372534BA9000B39102 /* JogoDaMemoria.swift */; };
		CBF0EF3D2534E42B00B39102 /* CardCollectionViewCell.swift in Sources */ = {isa = PBXBuildFile; fileRef = CBF0EF3C2534E42B00B39102 /* CardCollectionViewCell.swift */; };
		EB72EA2FBD130AD23245741E /* Pods_JogoDaMemoria.framework in Frameworks */ = {isa = PBXBuildFile; fileRef = F04274A3951BD468A35193FE /* Pods_JogoDaMemoria.framework */; };
/* End PBXBuildFile section */

/* Begin PBXContainerItemProxy section */
		CBB80CA225347ADF0078E04A /* PBXContainerItemProxy */ = {
			isa = PBXContainerItemProxy;
			containerPortal = CBB80C8325347ADE0078E04A /* Project object */;
			proxyType = 1;
			remoteGlobalIDString = CBB80C8A25347ADE0078E04A;
			remoteInfo = JogoDaMemoria;
		};
		CBB80CAD25347ADF0078E04A /* PBXContainerItemProxy */ = {
			isa = PBXContainerItemProxy;
			containerPortal = CBB80C8325347ADE0078E04A /* Project object */;
			proxyType = 1;
			remoteGlobalIDString = CBB80C8A25347ADE0078E04A;
			remoteInfo = JogoDaMemoria;
		};
/* End PBXContainerItemProxy section */

/* Begin PBXFileReference section */
		465F1D7CA28187A669493D11 /* Pods-JogoDaMemoriaTests.debug.xcconfig */ = {isa = PBXFileReference; includeInIndex = 1; lastKnownFileType = text.xcconfig; name = "Pods-JogoDaMemoriaTests.debug.xcconfig"; path = "Target Support Files/Pods-JogoDaMemoriaTests/Pods-JogoDaMemoriaTests.debug.xcconfig"; sourceTree = "<group>"; };
		4CE53178BC11CE832CBACEDB /* Pods-JogoDaMemoria-JogoDaMemoriaUITests.release.xcconfig */ = {isa = PBXFileReference; includeInIndex = 1; lastKnownFileType = text.xcconfig; name = "Pods-JogoDaMemoria-JogoDaMemoriaUITests.release.xcconfig"; path = "Target Support Files/Pods-JogoDaMemoria-JogoDaMemoriaUITests/Pods-JogoDaMemoria-JogoDaMemoriaUITests.release.xcconfig"; sourceTree = "<group>"; };
		9011231682CF09EF2BCB1431 /* Pods-JogoDaMemoria-JogoDaMemoriaUITests.debug.xcconfig */ = {isa = PBXFileReference; includeInIndex = 1; lastKnownFileType = text.xcconfig; name = "Pods-JogoDaMemoria-JogoDaMemoriaUITests.debug.xcconfig"; path = "Target Support Files/Pods-JogoDaMemoria-JogoDaMemoriaUITests/Pods-JogoDaMemoria-JogoDaMemoriaUITests.debug.xcconfig"; sourceTree = "<group>"; };
		A949A3FDACC22E4AA608D6C6 /* Pods-JogoDaMemoria.debug.xcconfig */ = {isa = PBXFileReference; includeInIndex = 1; lastKnownFileType = text.xcconfig; name = "Pods-JogoDaMemoria.debug.xcconfig"; path = "Target Support Files/Pods-JogoDaMemoria/Pods-JogoDaMemoria.debug.xcconfig"; sourceTree = "<group>"; };
		ACF0D6DA6213FDDD301B4187 /* Pods_JogoDaMemoriaTests.framework */ = {isa = PBXFileReference; explicitFileType = wrapper.framework; includeInIndex = 0; path = Pods_JogoDaMemoriaTests.framework; sourceTree = BUILT_PRODUCTS_DIR; };
		C5FFF5EE654D44C9807C0094 /* Pods-JogoDaMemoria.release.xcconfig */ = {isa = PBXFileReference; includeInIndex = 1; lastKnownFileType = text.xcconfig; name = "Pods-JogoDaMemoria.release.xcconfig"; path = "Target Support Files/Pods-JogoDaMemoria/Pods-JogoDaMemoria.release.xcconfig"; sourceTree = "<group>"; };
		CBB80C8B25347ADE0078E04A /* JogoDaMemoria.app */ = {isa = PBXFileReference; explicitFileType = wrapper.application; includeInIndex = 0; path = JogoDaMemoria.app; sourceTree = BUILT_PRODUCTS_DIR; };
		CBB80C8E25347ADE0078E04A /* AppDelegate.swift */ = {isa = PBXFileReference; lastKnownFileType = sourcecode.swift; path = AppDelegate.swift; sourceTree = "<group>"; };
		CBB80C9025347ADE0078E04A /* SceneDelegate.swift */ = {isa = PBXFileReference; lastKnownFileType = sourcecode.swift; path = SceneDelegate.swift; sourceTree = "<group>"; };
		CBB80C9225347ADE0078E04A /* ViewController.swift */ = {isa = PBXFileReference; lastKnownFileType = sourcecode.swift; path = ViewController.swift; sourceTree = "<group>"; };
		CBB80C9525347ADE0078E04A /* Base */ = {isa = PBXFileReference; lastKnownFileType = file.storyboard; name = Base; path = Base.lproj/Main.storyboard; sourceTree = "<group>"; };
		CBB80C9725347ADF0078E04A /* Assets.xcassets */ = {isa = PBXFileReference; lastKnownFileType = folder.assetcatalog; path = Assets.xcassets; sourceTree = "<group>"; };
		CBB80C9A25347ADF0078E04A /* Base */ = {isa = PBXFileReference; lastKnownFileType = file.storyboard; name = Base; path = Base.lproj/LaunchScreen.storyboard; sourceTree = "<group>"; };
		CBB80C9C25347ADF0078E04A /* Info.plist */ = {isa = PBXFileReference; lastKnownFileType = text.plist.xml; path = Info.plist; sourceTree = "<group>"; };
		CBB80CA125347ADF0078E04A /* JogoDaMemoriaTests.xctest */ = {isa = PBXFileReference; explicitFileType = wrapper.cfbundle; includeInIndex = 0; path = JogoDaMemoriaTests.xctest; sourceTree = BUILT_PRODUCTS_DIR; };
		CBB80CA525347ADF0078E04A /* JogoDaMemoriaTests.swift */ = {isa = PBXFileReference; lastKnownFileType = sourcecode.swift; path = JogoDaMemoriaTests.swift; sourceTree = "<group>"; };
		CBB80CA725347ADF0078E04A /* Info.plist */ = {isa = PBXFileReference; lastKnownFileType = text.plist.xml; path = Info.plist; sourceTree = "<group>"; };
		CBB80CAC25347ADF0078E04A /* JogoDaMemoriaUITests.xctest */ = {isa = PBXFileReference; explicitFileType = wrapper.cfbundle; includeInIndex = 0; path = JogoDaMemoriaUITests.xctest; sourceTree = BUILT_PRODUCTS_DIR; };
		CBB80CB025347ADF0078E04A /* JogoDaMemoriaUITests.swift */ = {isa = PBXFileReference; lastKnownFileType = sourcecode.swift; path = JogoDaMemoriaUITests.swift; sourceTree = "<group>"; };
		CBB80CB225347ADF0078E04A /* Info.plist */ = {isa = PBXFileReference; lastKnownFileType = text.plist.xml; path = Info.plist; sourceTree = "<group>"; };
		CBF0EF3125348C6A00B39102 /* ViewController2.swift */ = {isa = PBXFileReference; lastKnownFileType = sourcecode.swift; path = ViewController2.swift; sourceTree = "<group>"; };
		CBF0EF372534BA9000B39102 /* JogoDaMemoria.swift */ = {isa = PBXFileReference; lastKnownFileType = sourcecode.swift; path = JogoDaMemoria.swift; sourceTree = "<group>"; };
		CBF0EF3C2534E42B00B39102 /* CardCollectionViewCell.swift */ = {isa = PBXFileReference; lastKnownFileType = sourcecode.swift; path = CardCollectionViewCell.swift; sourceTree = "<group>"; };
		F04274A3951BD468A35193FE /* Pods_JogoDaMemoria.framework */ = {isa = PBXFileReference; explicitFileType = wrapper.framework; includeInIndex = 0; path = Pods_JogoDaMemoria.framework; sourceTree = BUILT_PRODUCTS_DIR; };
		F8644E0CD2B140F2B0012E01 /* Pods-JogoDaMemoriaTests.release.xcconfig */ = {isa = PBXFileReference; includeInIndex = 1; lastKnownFileType = text.xcconfig; name = "Pods-JogoDaMemoriaTests.release.xcconfig"; path = "Target Support Files/Pods-JogoDaMemoriaTests/Pods-JogoDaMemoriaTests.release.xcconfig"; sourceTree = "<group>"; };
		FA55662224DED0DF6B8832E4 /* Pods_JogoDaMemoria_JogoDaMemoriaUITests.framework */ = {isa = PBXFileReference; explicitFileType = wrapper.framework; includeInIndex = 0; path = Pods_JogoDaMemoria_JogoDaMemoriaUITests.framework; sourceTree = BUILT_PRODUCTS_DIR; };
/* End PBXFileReference section */

/* Begin PBXFrameworksBuildPhase section */
		CBB80C8825347ADE0078E04A /* Frameworks */ = {
			isa = PBXFrameworksBuildPhase;
			buildActionMask = 2147483647;
			files = (
				EB72EA2FBD130AD23245741E /* Pods_JogoDaMemoria.framework in Frameworks */,
			);
			runOnlyForDeploymentPostprocessing = 0;
		};
		CBB80C9E25347ADF0078E04A /* Frameworks */ = {
			isa = PBXFrameworksBuildPhase;
			buildActionMask = 2147483647;
			files = (
				73C4FC24022E66F14F2DAED7 /* Pods_JogoDaMemoriaTests.framework in Frameworks */,
			);
			runOnlyForDeploymentPostprocessing = 0;
		};
		CBB80CA925347ADF0078E04A /* Frameworks */ = {
			isa = PBXFrameworksBuildPhase;
			buildActionMask = 2147483647;
			files = (
				279C2D815901115F6D1F02F2 /* Pods_JogoDaMemoria_JogoDaMemoriaUITests.framework in Frameworks */,
			);
			runOnlyForDeploymentPostprocessing = 0;
		};
/* End PBXFrameworksBuildPhase section */

/* Begin PBXGroup section */
		1F03F4ED429ECA1D9F43CB14 /* Frameworks */ = {
			isa = PBXGroup;
			children = (
				F04274A3951BD468A35193FE /* Pods_JogoDaMemoria.framework */,
				FA55662224DED0DF6B8832E4 /* Pods_JogoDaMemoria_JogoDaMemoriaUITests.framework */,
				ACF0D6DA6213FDDD301B4187 /* Pods_JogoDaMemoriaTests.framework */,
			);
			name = Frameworks;
			sourceTree = "<group>";
		};
		6E2F4393C64FE1615D9FA8CE /* Pods */ = {
			isa = PBXGroup;
			children = (
				A949A3FDACC22E4AA608D6C6 /* Pods-JogoDaMemoria.debug.xcconfig */,
				C5FFF5EE654D44C9807C0094 /* Pods-JogoDaMemoria.release.xcconfig */,
				9011231682CF09EF2BCB1431 /* Pods-JogoDaMemoria-JogoDaMemoriaUITests.debug.xcconfig */,
				4CE53178BC11CE832CBACEDB /* Pods-JogoDaMemoria-JogoDaMemoriaUITests.release.xcconfig */,
				465F1D7CA28187A669493D11 /* Pods-JogoDaMemoriaTests.debug.xcconfig */,
				F8644E0CD2B140F2B0012E01 /* Pods-JogoDaMemoriaTests.release.xcconfig */,
			);
			path = Pods;
			sourceTree = "<group>";
		};
		CBB80C8225347ADE0078E04A = {
			isa = PBXGroup;
			children = (
				CBB80C8D25347ADE0078E04A /* JogoDaMemoria */,
				CBB80CA425347ADF0078E04A /* JogoDaMemoriaTests */,
				CBB80CAF25347ADF0078E04A /* JogoDaMemoriaUITests */,
				CBB80C8C25347ADE0078E04A /* Products */,
				6E2F4393C64FE1615D9FA8CE /* Pods */,
				1F03F4ED429ECA1D9F43CB14 /* Frameworks */,
			);
			sourceTree = "<group>";
		};
		CBB80C8C25347ADE0078E04A /* Products */ = {
			isa = PBXGroup;
			children = (
				CBB80C8B25347ADE0078E04A /* JogoDaMemoria.app */,
				CBB80CA125347ADF0078E04A /* JogoDaMemoriaTests.xctest */,
				CBB80CAC25347ADF0078E04A /* JogoDaMemoriaUITests.xctest */,
			);
			name = Products;
			sourceTree = "<group>";
		};
		CBB80C8D25347ADE0078E04A /* JogoDaMemoria */ = {
			isa = PBXGroup;
			children = (
				CBF0EF362534BA6A00B39102 /* Model */,
				CBB80C8E25347ADE0078E04A /* AppDelegate.swift */,
				CBB80C9025347ADE0078E04A /* SceneDelegate.swift */,
				CBB80C9225347ADE0078E04A /* ViewController.swift */,
				CBB80C9425347ADE0078E04A /* Main.storyboard */,
				CBF0EF3125348C6A00B39102 /* ViewController2.swift */,
				CBB80C9725347ADF0078E04A /* Assets.xcassets */,
				CBB80C9925347ADF0078E04A /* LaunchScreen.storyboard */,
				CBB80C9C25347ADF0078E04A /* Info.plist */,
				CBF0EF3C2534E42B00B39102 /* CardCollectionViewCell.swift */,
			);
			path = JogoDaMemoria;
			sourceTree = "<group>";
		};
		CBB80CA425347ADF0078E04A /* JogoDaMemoriaTests */ = {
			isa = PBXGroup;
			children = (
				CBB80CA525347ADF0078E04A /* JogoDaMemoriaTests.swift */,
				CBB80CA725347ADF0078E04A /* Info.plist */,
			);
			path = JogoDaMemoriaTests;
			sourceTree = "<group>";
		};
		CBB80CAF25347ADF0078E04A /* JogoDaMemoriaUITests */ = {
			isa = PBXGroup;
			children = (
				CBB80CB025347ADF0078E04A /* JogoDaMemoriaUITests.swift */,
				CBB80CB225347ADF0078E04A /* Info.plist */,
			);
			path = JogoDaMemoriaUITests;
			sourceTree = "<group>";
		};
		CBF0EF362534BA6A00B39102 /* Model */ = {
			isa = PBXGroup;
			children = (
				CBF0EF372534BA9000B39102 /* JogoDaMemoria.swift */,
			);
			path = Model;
			sourceTree = "<group>";
		};
/* End PBXGroup section */

/* Begin PBXNativeTarget section */
		CBB80C8A25347ADE0078E04A /* JogoDaMemoria */ = {
			isa = PBXNativeTarget;
			buildConfigurationList = CBB80CB525347ADF0078E04A /* Build configuration list for PBXNativeTarget "JogoDaMemoria" */;
			buildPhases = (
				6E6BEB77C627505B32043467 /* [CP] Check Pods Manifest.lock */,
				CBB80C8725347ADE0078E04A /* Sources */,
				CBB80C8825347ADE0078E04A /* Frameworks */,
				CBB80C8925347ADE0078E04A /* Resources */,
			);
			buildRules = (
			);
			dependencies = (
			);
			name = JogoDaMemoria;
			productName = JogoDaMemoria;
			productReference = CBB80C8B25347ADE0078E04A /* JogoDaMemoria.app */;
			productType = "com.apple.product-type.application";
		};
		CBB80CA025347ADF0078E04A /* JogoDaMemoriaTests */ = {
			isa = PBXNativeTarget;
			buildConfigurationList = CBB80CB825347ADF0078E04A /* Build configuration list for PBXNativeTarget "JogoDaMemoriaTests" */;
			buildPhases = (
				84733A630DAC18E25B224F49 /* [CP] Check Pods Manifest.lock */,
				CBB80C9D25347ADF0078E04A /* Sources */,
				CBB80C9E25347ADF0078E04A /* Frameworks */,
				CBB80C9F25347ADF0078E04A /* Resources */,
			);
			buildRules = (
			);
			dependencies = (
				CBB80CA325347ADF0078E04A /* PBXTargetDependency */,
			);
			name = JogoDaMemoriaTests;
			productName = JogoDaMemoriaTests;
			productReference = CBB80CA125347ADF0078E04A /* JogoDaMemoriaTests.xctest */;
			productType = "com.apple.product-type.bundle.unit-test";
		};
		CBB80CAB25347ADF0078E04A /* JogoDaMemoriaUITests */ = {
			isa = PBXNativeTarget;
			buildConfigurationList = CBB80CBB25347ADF0078E04A /* Build configuration list for PBXNativeTarget "JogoDaMemoriaUITests" */;
			buildPhases = (
				BFE7A2BDE2F1BA414A57BE9A /* [CP] Check Pods Manifest.lock */,
				CBB80CA825347ADF0078E04A /* Sources */,
				CBB80CA925347ADF0078E04A /* Frameworks */,
				CBB80CAA25347ADF0078E04A /* Resources */,
			);
			buildRules = (
			);
			dependencies = (
				CBB80CAE25347ADF0078E04A /* PBXTargetDependency */,
			);
			name = JogoDaMemoriaUITests;
			productName = JogoDaMemoriaUITests;
			productReference = CBB80CAC25347ADF0078E04A /* JogoDaMemoriaUITests.xctest */;
			productType = "com.apple.product-type.bundle.ui-testing";
		};
/* End PBXNativeTarget section */

/* Begin PBXProject section */
		CBB80C8325347ADE0078E04A /* Project object */ = {
			isa = PBXProject;
			attributes = {
				LastSwiftUpdateCheck = 1200;
				LastUpgradeCheck = 1200;
				TargetAttributes = {
					CBB80C8A25347ADE0078E04A = {
						CreatedOnToolsVersion = 12.0.1;
					};
					CBB80CA025347ADF0078E04A = {
						CreatedOnToolsVersion = 12.0.1;
						TestTargetID = CBB80C8A25347ADE0078E04A;
					};
					CBB80CAB25347ADF0078E04A = {
						CreatedOnToolsVersion = 12.0.1;
						TestTargetID = CBB80C8A25347ADE0078E04A;
					};
				};
			};
			buildConfigurationList = CBB80C8625347ADE0078E04A /* Build configuration list for PBXProject "JogoDaMemoria" */;
			compatibilityVersion = "Xcode 9.3";
			developmentRegion = en;
			hasScannedForEncodings = 0;
			knownRegions = (
				en,
				Base,
			);
			mainGroup = CBB80C8225347ADE0078E04A;
			productRefGroup = CBB80C8C25347ADE0078E04A /* Products */;
			projectDirPath = "";
			projectRoot = "";
			targets = (
				CBB80C8A25347ADE0078E04A /* JogoDaMemoria */,
				CBB80CA025347ADF0078E04A /* JogoDaMemoriaTests */,
				CBB80CAB25347ADF0078E04A /* JogoDaMemoriaUITests */,
			);
		};
/* End PBXProject section */

/* Begin PBXResourcesBuildPhase section */
		CBB80C8925347ADE0078E04A /* Resources */ = {
			isa = PBXResourcesBuildPhase;
			buildActionMask = 2147483647;
			files = (
				CBB80C9B25347ADF0078E04A /* LaunchScreen.storyboard in Resources */,
				CBB80C9825347ADF0078E04A /* Assets.xcassets in Resources */,
				CBB80C9625347ADE0078E04A /* Main.storyboard in Resources */,
			);
			runOnlyForDeploymentPostprocessing = 0;
		};
		CBB80C9F25347ADF0078E04A /* Resources */ = {
			isa = PBXResourcesBuildPhase;
			buildActionMask = 2147483647;
			files = (
			);
			runOnlyForDeploymentPostprocessing = 0;
		};
		CBB80CAA25347ADF0078E04A /* Resources */ = {
			isa = PBXResourcesBuildPhase;
			buildActionMask = 2147483647;
			files = (
			);
			runOnlyForDeploymentPostprocessing = 0;
		};
/* End PBXResourcesBuildPhase section */

/* Begin PBXShellScriptBuildPhase section */
		6E6BEB77C627505B32043467 /* [CP] Check Pods Manifest.lock */ = {
			isa = PBXShellScriptBuildPhase;
			buildActionMask = 2147483647;
			files = (
			);
			inputFileListPaths = (
			);
			inputPaths = (
				"${PODS_PODFILE_DIR_PATH}/Podfile.lock",
				"${PODS_ROOT}/Manifest.lock",
			);
			name = "[CP] Check Pods Manifest.lock";
			outputFileListPaths = (
			);
			outputPaths = (
				"$(DERIVED_FILE_DIR)/Pods-JogoDaMemoria-checkManifestLockResult.txt",
			);
			runOnlyForDeploymentPostprocessing = 0;
			shellPath = /bin/sh;
			shellScript = "diff \"${PODS_PODFILE_DIR_PATH}/Podfile.lock\" \"${PODS_ROOT}/Manifest.lock\" > /dev/null\nif [ $? != 0 ] ; then\n    # print error to STDERR\n    echo \"error: The sandbox is not in sync with the Podfile.lock. Run 'pod install' or update your CocoaPods installation.\" >&2\n    exit 1\nfi\n# This output is used by Xcode 'outputs' to avoid re-running this script phase.\necho \"SUCCESS\" > \"${SCRIPT_OUTPUT_FILE_0}\"\n";
			showEnvVarsInLog = 0;
		};
		84733A630DAC18E25B224F49 /* [CP] Check Pods Manifest.lock */ = {
			isa = PBXShellScriptBuildPhase;
			buildActionMask = 2147483647;
			files = (
			);
			inputFileListPaths = (
			);
			inputPaths = (
				"${PODS_PODFILE_DIR_PATH}/Podfile.lock",
				"${PODS_ROOT}/Manifest.lock",
			);
			name = "[CP] Check Pods Manifest.lock";
			outputFileListPaths = (
			);
			outputPaths = (
				"$(DERIVED_FILE_DIR)/Pods-JogoDaMemoriaTests-checkManifestLockResult.txt",
			);
			runOnlyForDeploymentPostprocessing = 0;
			shellPath = /bin/sh;
			shellScript = "diff \"${PODS_PODFILE_DIR_PATH}/Podfile.lock\" \"${PODS_ROOT}/Manifest.lock\" > /dev/null\nif [ $? != 0 ] ; then\n    # print error to STDERR\n    echo \"error: The sandbox is not in sync with the Podfile.lock. Run 'pod install' or update your CocoaPods installation.\" >&2\n    exit 1\nfi\n# This output is used by Xcode 'outputs' to avoid re-running this script phase.\necho \"SUCCESS\" > \"${SCRIPT_OUTPUT_FILE_0}\"\n";
			showEnvVarsInLog = 0;
		};
		BFE7A2BDE2F1BA414A57BE9A /* [CP] Check Pods Manifest.lock */ = {
			isa = PBXShellScriptBuildPhase;
			buildActionMask = 2147483647;
			files = (
			);
			inputFileListPaths = (
			);
			inputPaths = (
				"${PODS_PODFILE_DIR_PATH}/Podfile.lock",
				"${PODS_ROOT}/Manifest.lock",
			);
			name = "[CP] Check Pods Manifest.lock";
			outputFileListPaths = (
			);
			outputPaths = (
				"$(DERIVED_FILE_DIR)/Pods-JogoDaMemoria-JogoDaMemoriaUITests-checkManifestLockResult.txt",
			);
			runOnlyForDeploymentPostprocessing = 0;
			shellPath = /bin/sh;
			shellScript = "diff \"${PODS_PODFILE_DIR_PATH}/Podfile.lock\" \"${PODS_ROOT}/Manifest.lock\" > /dev/null\nif [ $? != 0 ] ; then\n    # print error to STDERR\n    echo \"error: The sandbox is not in sync with the Podfile.lock. Run 'pod install' or update your CocoaPods installation.\" >&2\n    exit 1\nfi\n# This output is used by Xcode 'outputs' to avoid re-running this script phase.\necho \"SUCCESS\" > \"${SCRIPT_OUTPUT_FILE_0}\"\n";
			showEnvVarsInLog = 0;
		};
/* End PBXShellScriptBuildPhase section */

/* Begin PBXSourcesBuildPhase section */
		CBB80C8725347ADE0078E04A /* Sources */ = {
			isa = PBXSourcesBuildPhase;
			buildActionMask = 2147483647;
			files = (
				CBB80C9325347ADE0078E04A /* ViewController.swift in Sources */,
				CBF0EF3225348C6A00B39102 /* ViewController2.swift in Sources */,
				CBB80C8F25347ADE0078E04A /* AppDelegate.swift in Sources */,
				CBB80C9125347ADE0078E04A /* SceneDelegate.swift in Sources */,
				CBF0EF3D2534E42B00B39102 /* CardCollectionViewCell.swift in Sources */,
				CBF0EF382534BA9000B39102 /* JogoDaMemoria.swift in Sources */,
			);
			runOnlyForDeploymentPostprocessing = 0;
		};
		CBB80C9D25347ADF0078E04A /* Sources */ = {
			isa = PBXSourcesBuildPhase;
			buildActionMask = 2147483647;
			files = (
				CBB80CA625347ADF0078E04A /* JogoDaMemoriaTests.swift in Sources */,
			);
			runOnlyForDeploymentPostprocessing = 0;
		};
		CBB80CA825347ADF0078E04A /* Sources */ = {
			isa = PBXSourcesBuildPhase;
			buildActionMask = 2147483647;
			files = (
				CBB80CB125347ADF0078E04A /* JogoDaMemoriaUITests.swift in Sources */,
			);
			runOnlyForDeploymentPostprocessing = 0;
		};
/* End PBXSourcesBuildPhase section */

/* Begin PBXTargetDependency section */
		CBB80CA325347ADF0078E04A /* PBXTargetDependency */ = {
			isa = PBXTargetDependency;
			target = CBB80C8A25347ADE0078E04A /* JogoDaMemoria */;
			targetProxy = CBB80CA225347ADF0078E04A /* PBXContainerItemProxy */;
		};
		CBB80CAE25347ADF0078E04A /* PBXTargetDependency */ = {
			isa = PBXTargetDependency;
			target = CBB80C8A25347ADE0078E04A /* JogoDaMemoria */;
			targetProxy = CBB80CAD25347ADF0078E04A /* PBXContainerItemProxy */;
		};
/* End PBXTargetDependency section */

/* Begin PBXVariantGroup section */
		CBB80C9425347ADE0078E04A /* Main.storyboard */ = {
			isa = PBXVariantGroup;
			children = (
				CBB80C9525347ADE0078E04A /* Base */,
			);
			name = Main.storyboard;
			sourceTree = "<group>";
		};
		CBB80C9925347ADF0078E04A /* LaunchScreen.storyboard */ = {
			isa = PBXVariantGroup;
			children = (
				CBB80C9A25347ADF0078E04A /* Base */,
			);
			name = LaunchScreen.storyboard;
			sourceTree = "<group>";
		};
/* End PBXVariantGroup section */

/* Begin XCBuildConfiguration section */
		CBB80CB325347ADF0078E04A /* Debug */ = {
			isa = XCBuildConfiguration;
			buildSettings = {
				ALWAYS_SEARCH_USER_PATHS = NO;
				CLANG_ANALYZER_NONNULL = YES;
				CLANG_ANALYZER_NUMBER_OBJECT_CONVERSION = YES_AGGRESSIVE;
				CLANG_CXX_LANGUAGE_STANDARD = "gnu++14";
				CLANG_CXX_LIBRARY = "libc++";
				CLANG_ENABLE_MODULES = YES;
				CLANG_ENABLE_OBJC_ARC = YES;
				CLANG_ENABLE_OBJC_WEAK = YES;
				CLANG_WARN_BLOCK_CAPTURE_AUTORELEASING = YES;
				CLANG_WARN_BOOL_CONVERSION = YES;
				CLANG_WARN_COMMA = YES;
				CLANG_WARN_CONSTANT_CONVERSION = YES;
				CLANG_WARN_DEPRECATED_OBJC_IMPLEMENTATIONS = YES;
				CLANG_WARN_DIRECT_OBJC_ISA_USAGE = YES_ERROR;
				CLANG_WARN_DOCUMENTATION_COMMENTS = YES;
				CLANG_WARN_EMPTY_BODY = YES;
				CLANG_WARN_ENUM_CONVERSION = YES;
				CLANG_WARN_INFINITE_RECURSION = YES;
				CLANG_WARN_INT_CONVERSION = YES;
				CLANG_WARN_NON_LITERAL_NULL_CONVERSION = YES;
				CLANG_WARN_OBJC_IMPLICIT_RETAIN_SELF = YES;
				CLANG_WARN_OBJC_LITERAL_CONVERSION = YES;
				CLANG_WARN_OBJC_ROOT_CLASS = YES_ERROR;
				CLANG_WARN_QUOTED_INCLUDE_IN_FRAMEWORK_HEADER = YES;
				CLANG_WARN_RANGE_LOOP_ANALYSIS = YES;
				CLANG_WARN_STRICT_PROTOTYPES = YES;
				CLANG_WARN_SUSPICIOUS_MOVE = YES;
				CLANG_WARN_UNGUARDED_AVAILABILITY = YES_AGGRESSIVE;
				CLANG_WARN_UNREACHABLE_CODE = YES;
				CLANG_WARN__DUPLICATE_METHOD_MATCH = YES;
				COPY_PHASE_STRIP = NO;
				DEBUG_INFORMATION_FORMAT = dwarf;
				ENABLE_STRICT_OBJC_MSGSEND = YES;
				ENABLE_TESTABILITY = YES;
				GCC_C_LANGUAGE_STANDARD = gnu11;
				GCC_DYNAMIC_NO_PIC = NO;
				GCC_NO_COMMON_BLOCKS = YES;
				GCC_OPTIMIZATION_LEVEL = 0;
				GCC_PREPROCESSOR_DEFINITIONS = (
					"DEBUG=1",
					"$(inherited)",
				);
				GCC_WARN_64_TO_32_BIT_CONVERSION = YES;
				GCC_WARN_ABOUT_RETURN_TYPE = YES_ERROR;
				GCC_WARN_UNDECLARED_SELECTOR = YES;
				GCC_WARN_UNINITIALIZED_AUTOS = YES_AGGRESSIVE;
				GCC_WARN_UNUSED_FUNCTION = YES;
				GCC_WARN_UNUSED_VARIABLE = YES;
				IPHONEOS_DEPLOYMENT_TARGET = 14.0;
				MTL_ENABLE_DEBUG_INFO = INCLUDE_SOURCE;
				MTL_FAST_MATH = YES;
				ONLY_ACTIVE_ARCH = YES;
				SDKROOT = iphoneos;
				SWIFT_ACTIVE_COMPILATION_CONDITIONS = DEBUG;
				SWIFT_OPTIMIZATION_LEVEL = "-Onone";
			};
			name = Debug;
		};
		CBB80CB425347ADF0078E04A /* Release */ = {
			isa = XCBuildConfiguration;
			buildSettings = {
				ALWAYS_SEARCH_USER_PATHS = NO;
				CLANG_ANALYZER_NONNULL = YES;
				CLANG_ANALYZER_NUMBER_OBJECT_CONVERSION = YES_AGGRESSIVE;
				CLANG_CXX_LANGUAGE_STANDARD = "gnu++14";
				CLANG_CXX_LIBRARY = "libc++";
				CLANG_ENABLE_MODULES = YES;
				CLANG_ENABLE_OBJC_ARC = YES;
				CLANG_ENABLE_OBJC_WEAK = YES;
				CLANG_WARN_BLOCK_CAPTURE_AUTORELEASING = YES;
				CLANG_WARN_BOOL_CONVERSION = YES;
				CLANG_WARN_COMMA = YES;
				CLANG_WARN_CONSTANT_CONVERSION = YES;
				CLANG_WARN_DEPRECATED_OBJC_IMPLEMENTATIONS = YES;
				CLANG_WARN_DIRECT_OBJC_ISA_USAGE = YES_ERROR;
				CLANG_WARN_DOCUMENTATION_COMMENTS = YES;
				CLANG_WARN_EMPTY_BODY = YES;
				CLANG_WARN_ENUM_CONVERSION = YES;
				CLANG_WARN_INFINITE_RECURSION = YES;
				CLANG_WARN_INT_CONVERSION = YES;
				CLANG_WARN_NON_LITERAL_NULL_CONVERSION = YES;
				CLANG_WARN_OBJC_IMPLICIT_RETAIN_SELF = YES;
				CLANG_WARN_OBJC_LITERAL_CONVERSION = YES;
				CLANG_WARN_OBJC_ROOT_CLASS = YES_ERROR;
				CLANG_WARN_QUOTED_INCLUDE_IN_FRAMEWORK_HEADER = YES;
				CLANG_WARN_RANGE_LOOP_ANALYSIS = YES;
				CLANG_WARN_STRICT_PROTOTYPES = YES;
				CLANG_WARN_SUSPICIOUS_MOVE = YES;
				CLANG_WARN_UNGUARDED_AVAILABILITY = YES_AGGRESSIVE;
				CLANG_WARN_UNREACHABLE_CODE = YES;
				CLANG_WARN__DUPLICATE_METHOD_MATCH = YES;
				COPY_PHASE_STRIP = NO;
				DEBUG_INFORMATION_FORMAT = "dwarf-with-dsym";
				ENABLE_NS_ASSERTIONS = NO;
				ENABLE_STRICT_OBJC_MSGSEND = YES;
				GCC_C_LANGUAGE_STANDARD = gnu11;
				GCC_NO_COMMON_BLOCKS = YES;
				GCC_WARN_64_TO_32_BIT_CONVERSION = YES;
				GCC_WARN_ABOUT_RETURN_TYPE = YES_ERROR;
				GCC_WARN_UNDECLARED_SELECTOR = YES;
				GCC_WARN_UNINITIALIZED_AUTOS = YES_AGGRESSIVE;
				GCC_WARN_UNUSED_FUNCTION = YES;
				GCC_WARN_UNUSED_VARIABLE = YES;
				IPHONEOS_DEPLOYMENT_TARGET = 14.0;
				MTL_ENABLE_DEBUG_INFO = NO;
				MTL_FAST_MATH = YES;
				SDKROOT = iphoneos;
				SWIFT_COMPILATION_MODE = wholemodule;
				SWIFT_OPTIMIZATION_LEVEL = "-O";
				VALIDATE_PRODUCT = YES;
			};
			name = Release;
		};
		CBB80CB625347ADF0078E04A /* Debug */ = {
			isa = XCBuildConfiguration;
			baseConfigurationReference = A949A3FDACC22E4AA608D6C6 /* Pods-JogoDaMemoria.debug.xcconfig */;
			buildSettings = {
				ASSETCATALOG_COMPILER_APPICON_NAME = AppIcon;
				ASSETCATALOG_COMPILER_GLOBAL_ACCENT_COLOR_NAME = AccentColor;
				CODE_SIGN_STYLE = Automatic;
				DEVELOPMENT_TEAM = D6X949BZ54;
				INFOPLIST_FILE = JogoDaMemoria/Info.plist;
				LD_RUNPATH_SEARCH_PATHS = (
					"$(inherited)",
					"@executable_path/Frameworks",
				);
				PRODUCT_BUNDLE_IDENTIFIER = br.com.cwi.treinamento.isabel.JogoDaMemoria;
				PRODUCT_NAME = "$(TARGET_NAME)";
				SWIFT_VERSION = 5.0;
				TARGETED_DEVICE_FAMILY = "1,2";
			};
			name = Debug;
		};
		CBB80CB725347ADF0078E04A /* Release */ = {
			isa = XCBuildConfiguration;
			baseConfigurationReference = C5FFF5EE654D44C9807C0094 /* Pods-JogoDaMemoria.release.xcconfig */;
			buildSettings = {
				ASSETCATALOG_COMPILER_APPICON_NAME = AppIcon;
				ASSETCATALOG_COMPILER_GLOBAL_ACCENT_COLOR_NAME = AccentColor;
				CODE_SIGN_STYLE = Automatic;
				DEVELOPMENT_TEAM = D6X949BZ54;
				INFOPLIST_FILE = JogoDaMemoria/Info.plist;
				LD_RUNPATH_SEARCH_PATHS = (
					"$(inherited)",
					"@executable_path/Frameworks",
				);
				PRODUCT_BUNDLE_IDENTIFIER = br.com.cwi.treinamento.isabel.JogoDaMemoria;
				PRODUCT_NAME = "$(TARGET_NAME)";
				SWIFT_VERSION = 5.0;
				TARGETED_DEVICE_FAMILY = "1,2";
			};
			name = Release;
		};
		CBB80CB925347ADF0078E04A /* Debug */ = {
			isa = XCBuildConfiguration;
			baseConfigurationReference = 465F1D7CA28187A669493D11 /* Pods-JogoDaMemoriaTests.debug.xcconfig */;
			buildSettings = {
				ALWAYS_EMBED_SWIFT_STANDARD_LIBRARIES = YES;
				BUNDLE_LOADER = "$(TEST_HOST)";
				CODE_SIGN_STYLE = Automatic;
				DEVELOPMENT_TEAM = D6X949BZ54;
				INFOPLIST_FILE = JogoDaMemoriaTests/Info.plist;
				IPHONEOS_DEPLOYMENT_TARGET = 14.0;
				LD_RUNPATH_SEARCH_PATHS = (
					"$(inherited)",
					"@executable_path/Frameworks",
					"@loader_path/Frameworks",
				);
				PRODUCT_BUNDLE_IDENTIFIER = br.com.cwi.treinamento.isabel.JogoDaMemoriaTests;
				PRODUCT_NAME = "$(TARGET_NAME)";
				SWIFT_VERSION = 5.0;
				TARGETED_DEVICE_FAMILY = "1,2";
				TEST_HOST = "$(BUILT_PRODUCTS_DIR)/JogoDaMemoria.app/JogoDaMemoria";
			};
			name = Debug;
		};
		CBB80CBA25347ADF0078E04A /* Release */ = {
			isa = XCBuildConfiguration;
			baseConfigurationReference = F8644E0CD2B140F2B0012E01 /* Pods-JogoDaMemoriaTests.release.xcconfig */;
			buildSettings = {
				ALWAYS_EMBED_SWIFT_STANDARD_LIBRARIES = YES;
				BUNDLE_LOADER = "$(TEST_HOST)";
				CODE_SIGN_STYLE = Automatic;
				DEVELOPMENT_TEAM = D6X949BZ54;
				INFOPLIST_FILE = JogoDaMemoriaTests/Info.plist;
				IPHONEOS_DEPLOYMENT_TARGET = 14.0;
				LD_RUNPATH_SEARCH_PATHS = (
					"$(inherited)",
					"@executable_path/Frameworks",
					"@loader_path/Frameworks",
				);
				PRODUCT_BUNDLE_IDENTIFIER = br.com.cwi.treinamento.isabel.JogoDaMemoriaTests;
				PRODUCT_NAME = "$(TARGET_NAME)";
				SWIFT_VERSION = 5.0;
				TARGETED_DEVICE_FAMILY = "1,2";
				TEST_HOST = "$(BUILT_PRODUCTS_DIR)/JogoDaMemoria.app/JogoDaMemoria";
			};
			name = Release;
		};
		CBB80CBC25347ADF0078E04A /* Debug */ = {
			isa = XCBuildConfiguration;
			baseConfigurationReference = 9011231682CF09EF2BCB1431 /* Pods-JogoDaMemoria-JogoDaMemoriaUITests.debug.xcconfig */;
			buildSettings = {
				ALWAYS_EMBED_SWIFT_STANDARD_LIBRARIES = YES;
				CODE_SIGN_STYLE = Automatic;
				DEVELOPMENT_TEAM = D6X949BZ54;
				INFOPLIST_FILE = JogoDaMemoriaUITests/Info.plist;
				LD_RUNPATH_SEARCH_PATHS = (
					"$(inherited)",
					"@executable_path/Frameworks",
					"@loader_path/Frameworks",
				);
				PRODUCT_BUNDLE_IDENTIFIER = br.com.cwi.treinamento.isabel.JogoDaMemoriaUITests;
				PRODUCT_NAME = "$(TARGET_NAME)";
				SWIFT_VERSION = 5.0;
				TARGETED_DEVICE_FAMILY = "1,2";
				TEST_TARGET_NAME = JogoDaMemoria;
			};
			name = Debug;
		};
		CBB80CBD25347ADF0078E04A /* Release */ = {
			isa = XCBuildConfiguration;
			baseConfigurationReference = 4CE53178BC11CE832CBACEDB /* Pods-JogoDaMemoria-JogoDaMemoriaUITests.release.xcconfig */;
			buildSettings = {
				ALWAYS_EMBED_SWIFT_STANDARD_LIBRARIES = YES;
				CODE_SIGN_STYLE = Automatic;
				DEVELOPMENT_TEAM = D6X949BZ54;
				INFOPLIST_FILE = JogoDaMemoriaUITests/Info.plist;
				LD_RUNPATH_SEARCH_PATHS = (
					"$(inherited)",
					"@executable_path/Frameworks",
					"@loader_path/Frameworks",
				);
				PRODUCT_BUNDLE_IDENTIFIER = br.com.cwi.treinamento.isabel.JogoDaMemoriaUITests;
				PRODUCT_NAME = "$(TARGET_NAME)";
				SWIFT_VERSION = 5.0;
				TARGETED_DEVICE_FAMILY = "1,2";
				TEST_TARGET_NAME = JogoDaMemoria;
			};
			name = Release;
		};
/* End XCBuildConfiguration section */

/* Begin XCConfigurationList section */
		CBB80C8625347ADE0078E04A /* Build configuration list for PBXProject "JogoDaMemoria" */ = {
			isa = XCConfigurationList;
			buildConfigurations = (
				CBB80CB325347ADF0078E04A /* Debug */,
				CBB80CB425347ADF0078E04A /* Release */,
			);
			defaultConfigurationIsVisible = 0;
			defaultConfigurationName = Release;
		};
		CBB80CB525347ADF0078E04A /* Build configuration list for PBXNativeTarget "JogoDaMemoria" */ = {
			isa = XCConfigurationList;
			buildConfigurations = (
				CBB80CB625347ADF0078E04A /* Debug */,
				CBB80CB725347ADF0078E04A /* Release */,
			);
			defaultConfigurationIsVisible = 0;
			defaultConfigurationName = Release;
		};
		CBB80CB825347ADF0078E04A /* Build configuration list for PBXNativeTarget "JogoDaMemoriaTests" */ = {
			isa = XCConfigurationList;
			buildConfigurations = (
				CBB80CB925347ADF0078E04A /* Debug */,
				CBB80CBA25347ADF0078E04A /* Release */,
			);
			defaultConfigurationIsVisible = 0;
			defaultConfigurationName = Release;
		};
		CBB80CBB25347ADF0078E04A /* Build configuration list for PBXNativeTarget "JogoDaMemoriaUITests" */ = {
			isa = XCConfigurationList;
			buildConfigurations = (
				CBB80CBC25347ADF0078E04A /* Debug */,
				CBB80CBD25347ADF0078E04A /* Release */,
			);
			defaultConfigurationIsVisible = 0;
			defaultConfigurationName = Release;
		};
/* End XCConfigurationList section */
	};
	rootObject = CBB80C8325347ADE0078E04A /* Project object */;
}
